
Microsoft Visual Studio Solution File, Format Version 12.00
# Visual Studio Version 17
VisualStudioVersion = 17.14.36408.4 d17.14
MinimumVisualStudioVersion = 10.0.40219.1
Project("{FAE04EC0-301F-11D3-BF4B-00C04F79EFBC}") = "practicamvc", "practicamvc\practicamvc.csproj", "{A9C01149-8C1C-472C-B3A8-E9348E137230}"
EndProject
Global
	GlobalSection(SolutionConfigurationPlatforms) = preSolution
		Debug|Any CPU = Debug|Any CPU
		Release|Any CPU = Release|Any CPU
	EndGlobalSection
	GlobalSection(ProjectConfigurationPlatforms) = postSolution
		{A9C01149-8C1C-472C-B3A8-E9348E137230}.Debug|Any CPU.ActiveCfg = Debug|Any CPU
		{A9C01149-8C1C-472C-B3A8-E9348E137230}.Debug|Any CPU.Build.0 = Debug|Any CPU
		{A9C01149-8C1C-472C-B3A8-E9348E137230}.Release|Any CPU.ActiveCfg = Release|Any CPU
		{A9C01149-8C1C-472C-B3A8-E9348E137230}.Release|Any CPU.Build.0 = Release|Any CPU
	EndGlobalSection
	GlobalSection(SolutionProperties) = preSolution
		HideSolutionNode = FALSE
	EndGlobalSection
	GlobalSection(ExtensibilityGlobals) = postSolution
		SolutionGuid = {5ED2C085-1DE6-47FB-A76D-9F2F7ADF8F86}
	EndGlobalSection
EndGlobal
